{
  "name": "@anima/storyscript",
  "version": "0.1.0",
  "lockfileVersion": 3,
  "requires": true,
  "packages": {
    "": {
      "name": "@anima/storyscript",
      "version": "0.1.0",
      "license": "MIT",
      "devDependencies": {
        "@types/node": "^22.19.3"
      }
    },
    "../../node_modules/.pnpm/@types+node@22.19.3/node_modules/@types/node": {
      "version": "22.19.3",
      "dev": true,
      "license": "MIT",
      "dependencies": {
        "undici-types": "~6.21.0"
      }
    },
    "node_modules/@types/node": {
      "resolved": "../../node_modules/.pnpm/@types+node@22.19.3/node_modules/@types/node",
      "link": true
    }
  }
}
